// !$*UTF8*$!
{
	archiveVersion = 1;
	classes = {
	};
	objectVersion = 55;
	objects = {

/* Begin PBXBuildFile section */
		53414CB429078C010091D298 /* AppDelegate.swift in Sources */ = {isa = PBXBuildFile; fileRef = 53414CB329078C010091D298 /* AppDelegate.swift */; };
		53414CB629078C010091D298 /* SceneDelegate.swift in Sources */ = {isa = PBXBuildFile; fileRef = 53414CB529078C010091D298 /* SceneDelegate.swift */; };
		53414CB829078C010091D298 /* ViewController.swift in Sources */ = {isa = PBXBuildFile; fileRef = 53414CB729078C010091D298 /* ViewController.swift */; };
		53414CBB29078C010091D298 /* Main.storyboard in Resources */ = {isa = PBXBuildFile; fileRef = 53414CB929078C010091D298 /* Main.storyboard */; };
		53414CBD29078C020091D298 /* Assets.xcassets in Resources */ = {isa = PBXBuildFile; fileRef = 53414CBC29078C020091D298 /* Assets.xcassets */; };
		53414CC029078C020091D298 /* LaunchScreen.storyboard in Resources */ = {isa = PBXBuildFile; fileRef = 53414CBE29078C020091D298 /* LaunchScreen.storyboard */; };
		53414CCB29078C020091D298 /* Bishop_WordGuessTests.swift in Sources */ = {isa = PBXBuildFile; fileRef = 53414CCA29078C020091D298 /* Bishop_WordGuessTests.swift */; };
		53414CD529078C020091D298 /* Bishop_WordGuessUITests.swift in Sources */ = {isa = PBXBuildFile; fileRef = 53414CD429078C020091D298 /* Bishop_WordGuessUITests.swift */; };
		53414CD729078C020091D298 /* Bishop_WordGuessUITestsLaunchTests.swift in Sources */ = {isa = PBXBuildFile; fileRef = 53414CD629078C020091D298 /* Bishop_WordGuessUITestsLaunchTests.swift */; };
/* End PBXBuildFile section */

/* Begin PBXContainerItemProxy section */
		53414CC729078C020091D298 /* PBXContainerItemProxy */ = {
			isa = PBXContainerItemProxy;
			containerPortal = 53414CA829078C010091D298 /* Project object */;
			proxyType = 1;
			remoteGlobalIDString = 53414CAF29078C010091D298;
			remoteInfo = Bishop_WordGuess;
		};
		53414CD129078C020091D298 /* PBXContainerItemProxy */ = {
			isa = PBXContainerItemProxy;
			containerPortal = 53414CA829078C010091D298 /* Project object */;
			proxyType = 1;
			remoteGlobalIDString = 53414CAF29078C010091D298;
			remoteInfo = Bishop_WordGuess;
		};
/* End PBXContainerItemProxy section */

/* Begin PBXFileReference section */
		53414CB029078C010091D298 /* Bishop_WordGuess.app */ = {isa = PBXFileReference; explicitFileType = wrapper.application; includeInIndex = 0; path = Bishop_WordGuess.app; sourceTree = BUILT_PRODUCTS_DIR; };
		53414CB329078C010091D298 /* AppDelegate.swift */ = {isa = PBXFileReference; lastKnownFileType = sourcecode.swift; path = AppDelegate.swift; sourceTree = "<group>"; };
		53414CB529078C010091D298 /* SceneDelegate.swift */ = {isa = PBXFileReference; lastKnownFileType = sourcecode.swift; path = SceneDelegate.swift; sourceTree = "<group>"; };
		53414CB729078C010091D298 /* ViewController.swift */ = {isa = PBXFileReference; lastKnownFileType = sourcecode.swift; path = ViewController.swift; sourceTree = "<group>"; };
		53414CBA29078C010091D298 /* Base */ = {isa = PBXFileReference; lastKnownFileType = file.storyboard; name = Base; path = Base.lproj/Main.storyboard; sourceTree = "<group>"; };
		53414CBC29078C020091D298 /* Assets.xcassets */ = {isa = PBXFileReference; lastKnownFileType = folder.assetcatalog; path = Assets.xcassets; sourceTree = "<group>"; };
		53414CBF29078C020091D298 /* Base */ = {isa = PBXFileReference; lastKnownFileType = file.storyboard; name = Base; path = Base.lproj/LaunchScreen.storyboard; sourceTree = "<group>"; };
		53414CC129078C020091D298 /* Info.plist */ = {isa = PBXFileReference; lastKnownFileType = text.plist.xml; path = Info.plist; sourceTree = "<group>"; };
		53414CC629078C020091D298 /* Bishop_WordGuessTests.xctest */ = {isa = PBXFileReference; explicitFileType = wrapper.cfbundle; includeInIndex = 0; path = Bishop_WordGuessTests.xctest; sourceTree = BUILT_PRODUCTS_DIR; };
		53414CCA29078C020091D298 /* Bishop_WordGuessTests.swift */ = {isa = PBXFileReference; lastKnownFileType = sourcecode.swift; path = Bishop_WordGuessTests.swift; sourceTree = "<group>"; };
		53414CD029078C020091D298 /* Bishop_WordGuessUITests.xctest */ = {isa = PBXFileReference; explicitFileType = wrapper.cfbundle; includeInIndex = 0; path = Bishop_WordGuessUITests.xctest; sourceTree = BUILT_PRODUCTS_DIR; };
		53414CD429078C020091D298 /* Bishop_WordGuessUITests.swift */ = {isa = PBXFileReference; lastKnownFileType = sourcecode.swift; path = Bishop_WordGuessUITests.swift; sourceTree = "<group>"; };
		53414CD629078C020091D298 /* Bishop_WordGuessUITestsLaunchTests.swift */ = {isa = PBXFileReference; lastKnownFileType = sourcecode.swift; path = Bishop_WordGuessUITestsLaunchTests.swift; sourceTree = "<group>"; };
/* End PBXFileReference section */

/* Begin PBXFrameworksBuildPhase section */
		53414CAD29078C010091D298 /* Frameworks */ = {
			isa = PBXFrameworksBuildPhase;
			buildActionMask = 2147483647;
			files = (
			);
			runOnlyForDeploymentPostprocessing = 0;
		};
		53414CC329078C020091D298 /* Frameworks */ = {
			isa = PBXFrameworksBuildPhase;
			buildActionMask = 2147483647;
			files = (
			);
			runOnlyForDeploymentPostprocessing = 0;
		};
		53414CCD29078C020091D298 /* Frameworks */ = {
			isa = PBXFrameworksBuildPhase;
			buildActionMask = 2147483647;
			files = (
			);
			runOnlyForDeploymentPostprocessing = 0;
		};
/* End PBXFrameworksBuildPhase section */

/* Begin PBXGroup section */
		53414CA729078C010091D298 = {
			isa = PBXGroup;
			children = (
				53414CB229078C010091D298 /* Bishop_WordGuess */,
				53414CC929078C020091D298 /* Bishop_WordGuessTests */,
				53414CD329078C020091D298 /* Bishop_WordGuessUITests */,
				53414CB129078C010091D298 /* Products */,
			);
			sourceTree = "<group>";
		};
		53414CB129078C010091D298 /* Products */ = {
			isa = PBXGroup;
			children = (
				53414CB029078C010091D298 /* Bishop_WordGuess.app */,
				53414CC629078C020091D298 /* Bishop_WordGuessTests.xctest */,
				53414CD029078C020091D298 /* Bishop_WordGuessUITests.xctest */,
			);
			name = Products;
			sourceTree = "<group>";
		};
		53414CB229078C010091D298 /* Bishop_WordGuess */ = {
			isa = PBXGroup;
			children = (
				53414CB329078C010091D298 /* AppDelegate.swift */,
				53414CB529078C010091D298 /* SceneDelegate.swift */,
				53414CB729078C010091D298 /* ViewController.swift */,
				53414CB929078C010091D298 /* Main.storyboard */,
				53414CBC29078C020091D298 /* Assets.xcassets */,
				53414CBE29078C020091D298 /* LaunchScreen.storyboard */,
				53414CC129078C020091D298 /* Info.plist */,
			);
			path = Bishop_WordGuess;
			sourceTree = "<group>";
		};
		53414CC929078C020091D298 /* Bishop_WordGuessTests */ = {
			isa = PBXGroup;
			children = (
				53414CCA29078C020091D298 /* Bishop_WordGuessTests.swift */,
			);
			path = Bishop_WordGuessTests;
			sourceTree = "<group>";
		};
		53414CD329078C020091D298 /* Bishop_WordGuessUITests */ = {
			isa = PBXGroup;
			children = (
				53414CD429078C020091D298 /* Bishop_WordGuessUITests.swift */,
				53414CD629078C020091D298 /* Bishop_WordGuessUITestsLaunchTests.swift */,
			);
			path = Bishop_WordGuessUITests;
			sourceTree = "<group>";
		};
/* End PBXGroup section */

/* Begin PBXNativeTarget section */
		53414CAF29078C010091D298 /* Bishop_WordGuess */ = {
			isa = PBXNativeTarget;
			buildConfigurationList = 53414CDA29078C020091D298 /* Build configuration list for PBXNativeTarget "Bishop_WordGuess" */;
			buildPhases = (
				53414CAC29078C010091D298 /* Sources */,
				53414CAD29078C010091D298 /* Frameworks */,
				53414CAE29078C010091D298 /* Resources */,
			);
			buildRules = (
			);
			dependencies = (
			);
			name = Bishop_WordGuess;
			productName = Bishop_WordGuess;
			productReference = 53414CB029078C010091D298 /* Bishop_WordGuess.app */;
			productType = "com.apple.product-type.application";
		};
		53414CC529078C020091D298 /* Bishop_WordGuessTests */ = {
			isa = PBXNativeTarget;
			buildConfigurationList = 53414CDD29078C020091D298 /* Build configuration list for PBXNativeTarget "Bishop_WordGuessTests" */;
			buildPhases = (
				53414CC229078C020091D298 /* Sources */,
				53414CC329078C020091D298 /* Frameworks */,
				53414CC429078C020091D298 /* Resources */,
			);
			buildRules = (
			);
			dependencies = (
				53414CC829078C020091D298 /* PBXTargetDependency */,
			);
			name = Bishop_WordGuessTests;
			productName = Bishop_WordGuessTests;
			productReference = 53414CC629078C020091D298 /* Bishop_WordGuessTests.xctest */;
			productType = "com.apple.product-type.bundle.unit-test";
		};
		53414CCF29078C020091D298 /* Bishop_WordGuessUITests */ = {
			isa = PBXNativeTarget;
			buildConfigurationList = 53414CE029078C020091D298 /* Build configuration list for PBXNativeTarget "Bishop_WordGuessUITests" */;
			buildPhases = (
				53414CCC29078C020091D298 /* Sources */,
				53414CCD29078C020091D298 /* Frameworks */,
				53414CCE29078C020091D298 /* Resources */,
			);
			buildRules = (
			);
			dependencies = (
				53414CD229078C020091D298 /* PBXTargetDependency */,
			);
			name = Bishop_WordGuessUITests;
			productName = Bishop_WordGuessUITests;
			productReference = 53414CD029078C020091D298 /* Bishop_WordGuessUITests.xctest */;
			productType = "com.apple.product-type.bundle.ui-testing";
		};
/* End PBXNativeTarget section */

/* Begin PBXProject section */
		53414CA829078C010091D298 /* Project object */ = {
			isa = PBXProject;
			attributes = {
				BuildIndependentTargetsInParallel = 1;
				LastSwiftUpdateCheck = 1340;
				LastUpgradeCheck = 1340;
				TargetAttributes = {
					53414CAF29078C010091D298 = {
						CreatedOnToolsVersion = 13.4.1;
					};
					53414CC529078C020091D298 = {
						CreatedOnToolsVersion = 13.4.1;
						TestTargetID = 53414CAF29078C010091D298;
					};
					53414CCF29078C020091D298 = {
						CreatedOnToolsVersion = 13.4.1;
						TestTargetID = 53414CAF29078C010091D298;
					};
				};
			};
			buildConfigurationList = 53414CAB29078C010091D298 /* Build configuration list for PBXProject "Bishop_WordGuess" */;
			compatibilityVersion = "Xcode 13.0";
			developmentRegion = en;
			hasScannedForEncodings = 0;
			knownRegions = (
				en,
				Base,
			);
			mainGroup = 53414CA729078C010091D298;
			productRefGroup = 53414CB129078C010091D298 /* Products */;
			projectDirPath = "";
			projectRoot = "";
			targets = (
				53414CAF29078C010091D298 /* Bishop_WordGuess */,
				53414CC529078C020091D298 /* Bishop_WordGuessTests */,
				53414CCF29078C020091D298 /* Bishop_WordGuessUITests */,
			);
		};
/* End PBXProject section */

/* Begin PBXResourcesBuildPhase section */
		53414CAE29078C010091D298 /* Resources */ = {
			isa = PBXResourcesBuildPhase;
			buildActionMask = 2147483647;
			files = (
				53414CC029078C020091D298 /* LaunchScreen.storyboard in Resources */,
				53414CBD29078C020091D298 /* Assets.xcassets in Resources */,
				53414CBB29078C010091D298 /* Main.storyboard in Resources */,
			);
			runOnlyForDeploymentPostprocessing = 0;
		};
		53414CC429078C020091D298 /* Resources */ = {
			isa = PBXResourcesBuildPhase;
			buildActionMask = 2147483647;
			files = (
			);
			runOnlyForDeploymentPostprocessing = 0;
		};
		53414CCE29078C020091D298 /* Resources */ = {
			isa = PBXResourcesBuildPhase;
			buildActionMask = 2147483647;
			files = (
			);
			runOnlyForDeploymentPostprocessing = 0;
		};
/* End PBXResourcesBuildPhase section */

/* Begin PBXSourcesBuildPhase section */
		53414CAC29078C010091D298 /* Sources */ = {
			isa = PBXSourcesBuildPhase;
			buildActionMask = 2147483647;
			files = (
				53414CB829078C010091D298 /* ViewController.swift in Sources */,
				53414CB429078C010091D298 /* AppDelegate.swift in Sources */,
				53414CB629078C010091D298 /* SceneDelegate.swift in Sources */,
			);
			runOnlyForDeploymentPostprocessing = 0;
		};
		53414CC229078C020091D298 /* Sources */ = {
			isa = PBXSourcesBuildPhase;
			buildActionMask = 2147483647;
			files = (
				53414CCB29078C020091D298 /* Bishop_WordGuessTests.swift in Sources */,
			);
			runOnlyForDeploymentPostprocessing = 0;
		};
		53414CCC29078C020091D298 /* Sources */ = {
			isa = PBXSourcesBuildPhase;
			buildActionMask = 2147483647;
			files = (
				53414CD529078C020091D298 /* Bishop_WordGuessUITests.swift in Sources */,
				53414CD729078C020091D298 /* Bishop_WordGuessUITestsLaunchTests.swift in Sources */,
			);
			runOnlyForDeploymentPostprocessing = 0;
		};
/* End PBXSourcesBuildPhase section */

/* Begin PBXTargetDependency section */
		53414CC829078C020091D298 /* PBXTargetDependency */ = {
			isa = PBXTargetDependency;
			target = 53414CAF29078C010091D298 /* Bishop_WordGuess */;
			targetProxy = 53414CC729078C020091D298 /* PBXContainerItemProxy */;
		};
		53414CD229078C020091D298 /* PBXTargetDependency */ = {
			isa = PBXTargetDependency;
			target = 53414CAF29078C010091D298 /* Bishop_WordGuess */;
			targetProxy = 53414CD129078C020091D298 /* PBXContainerItemProxy */;
		};
/* End PBXTargetDependency section */

/* Begin PBXVariantGroup section */
		53414CB929078C010091D298 /* Main.storyboard */ = {
			isa = PBXVariantGroup;
			children = (
				53414CBA29078C010091D298 /* Base */,
			);
			name = Main.storyboard;
			sourceTree = "<group>";
		};
		53414CBE29078C020091D298 /* LaunchScreen.storyboard */ = {
			isa = PBXVariantGroup;
			children = (
				53414CBF29078C020091D298 /* Base */,
			);
			name = LaunchScreen.storyboard;
			sourceTree = "<group>";
		};
/* End PBXVariantGroup section */

/* Begin XCBuildConfiguration section */
		53414CD829078C020091D298 /* Debug */ = {
			isa = XCBuildConfiguration;
			buildSettings = {
				ALWAYS_SEARCH_USER_PATHS = NO;
				CLANG_ANALYZER_NONNULL = YES;
				CLANG_ANALYZER_NUMBER_OBJECT_CONVERSION = YES_AGGRESSIVE;
				CLANG_CXX_LANGUAGE_STANDARD = "gnu++17";
				CLANG_ENABLE_MODULES = YES;
				CLANG_ENABLE_OBJC_ARC = YES;
				CLANG_ENABLE_OBJC_WEAK = YES;
				CLANG_WARN_BLOCK_CAPTURE_AUTORELEASING = YES;
				CLANG_WARN_BOOL_CONVERSION = YES;
				CLANG_WARN_COMMA = YES;
				CLANG_WARN_CONSTANT_CONVERSION = YES;
				CLANG_WARN_DEPRECATED_OBJC_IMPLEMENTATIONS = YES;
				CLANG_WARN_DIRECT_OBJC_ISA_USAGE = YES_ERROR;
				CLANG_WARN_DOCUMENTATION_COMMENTS = YES;
				CLANG_WARN_EMPTY_BODY = YES;
				CLANG_WARN_ENUM_CONVERSION = YES;
				CLANG_WARN_INFINITE_RECURSION = YES;
				CLANG_WARN_INT_CONVERSION = YES;
				CLANG_WARN_NON_LITERAL_NULL_CONVERSION = YES;
				CLANG_WARN_OBJC_IMPLICIT_RETAIN_SELF = YES;
				CLANG_WARN_OBJC_LITERAL_CONVERSION = YES;
				CLANG_WARN_OBJC_ROOT_CLASS = YES_ERROR;
				CLANG_WARN_QUOTED_INCLUDE_IN_FRAMEWORK_HEADER = YES;
				CLANG_WARN_RANGE_LOOP_ANALYSIS = YES;
				CLANG_WARN_STRICT_PROTOTYPES = YES;
				CLANG_WARN_SUSPICIOUS_MOVE = YES;
				CLANG_WARN_UNGUARDED_AVAILABILITY = YES_AGGRESSIVE;
				CLANG_WARN_UNREACHABLE_CODE = YES;
				CLANG_WARN__DUPLICATE_METHOD_MATCH = YES;
				COPY_PHASE_STRIP = NO;
				DEBUG_INFORMATION_FORMAT = dwarf;
				ENABLE_STRICT_OBJC_MSGSEND = YES;
				ENABLE_TESTABILITY = YES;
				GCC_C_LANGUAGE_STANDARD = gnu11;
				GCC_DYNAMIC_NO_PIC = NO;
				GCC_NO_COMMON_BLOCKS = YES;
				GCC_OPTIMIZATION_LEVEL = 0;
				GCC_PREPROCESSOR_DEFINITIONS = (
					"DEBUG=1",
					"$(inherited)",
				);
				GCC_WARN_64_TO_32_BIT_CONVERSION = YES;
				GCC_WARN_ABOUT_RETURN_TYPE = YES_ERROR;
				GCC_WARN_UNDECLARED_SELECTOR = YES;
				GCC_WARN_UNINITIALIZED_AUTOS = YES_AGGRESSIVE;
				GCC_WARN_UNUSED_FUNCTION = YES;
				GCC_WARN_UNUSED_VARIABLE = YES;
				IPHONEOS_DEPLOYMENT_TARGET = 15.5;
				MTL_ENABLE_DEBUG_INFO = INCLUDE_SOURCE;
				MTL_FAST_MATH = YES;
				ONLY_ACTIVE_ARCH = YES;
				SDKROOT = iphoneos;
				SWIFT_ACTIVE_COMPILATION_CONDITIONS = DEBUG;
				SWIFT_OPTIMIZATION_LEVEL = "-Onone";
			};
			name = Debug;
		};
		53414CD929078C020091D298 /* Release */ = {
			isa = XCBuildConfiguration;
			buildSettings = {
				ALWAYS_SEARCH_USER_PATHS = NO;
				CLANG_ANALYZER_NONNULL = YES;
				CLANG_ANALYZER_NUMBER_OBJECT_CONVERSION = YES_AGGRESSIVE;
				CLANG_CXX_LANGUAGE_STANDARD = "gnu++17";
				CLANG_ENABLE_MODULES = YES;
				CLANG_ENABLE_OBJC_ARC = YES;
				CLANG_ENABLE_OBJC_WEAK = YES;
				CLANG_WARN_BLOCK_CAPTURE_AUTORELEASING = YES;
				CLANG_WARN_BOOL_CONVERSION = YES;
				CLANG_WARN_COMMA = YES;
				CLANG_WARN_CONSTANT_CONVERSION = YES;
				CLANG_WARN_DEPRECATED_OBJC_IMPLEMENTATIONS = YES;
				CLANG_WARN_DIRECT_OBJC_ISA_USAGE = YES_ERROR;
				CLANG_WARN_DOCUMENTATION_COMMENTS = YES;
				CLANG_WARN_EMPTY_BODY = YES;
				CLANG_WARN_ENUM_CONVERSION = YES;
				CLANG_WARN_INFINITE_RECURSION = YES;
				CLANG_WARN_INT_CONVERSION = YES;
				CLANG_WARN_NON_LITERAL_NULL_CONVERSION = YES;
				CLANG_WARN_OBJC_IMPLICIT_RETAIN_SELF = YES;
				CLANG_WARN_OBJC_LITERAL_CONVERSION = YES;
				CLANG_WARN_OBJC_ROOT_CLASS = YES_ERROR;
				CLANG_WARN_QUOTED_INCLUDE_IN_FRAMEWORK_HEADER = YES;
				CLANG_WARN_RANGE_LOOP_ANALYSIS = YES;
				CLANG_WARN_STRICT_PROTOTYPES = YES;
				CLANG_WARN_SUSPICIOUS_MOVE = YES;
				CLANG_WARN_UNGUARDED_AVAILABILITY = YES_AGGRESSIVE;
				CLANG_WARN_UNREACHABLE_CODE = YES;
				CLANG_WARN__DUPLICATE_METHOD_MATCH = YES;
				COPY_PHASE_STRIP = NO;
				DEBUG_INFORMATION_FORMAT = "dwarf-with-dsym";
				ENABLE_NS_ASSERTIONS = NO;
				ENABLE_STRICT_OBJC_MSGSEND = YES;
				GCC_C_LANGUAGE_STANDARD = gnu11;
				GCC_NO_COMMON_BLOCKS = YES;
				GCC_WARN_64_TO_32_BIT_CONVERSION = YES;
				GCC_WARN_ABOUT_RETURN_TYPE = YES_ERROR;
				GCC_WARN_UNDECLARED_SELECTOR = YES;
				GCC_WARN_UNINITIALIZED_AUTOS = YES_AGGRESSIVE;
				GCC_WARN_UNUSED_FUNCTION = YES;
				GCC_WARN_UNUSED_VARIABLE = YES;
				IPHONEOS_DEPLOYMENT_TARGET = 15.5;
				MTL_ENABLE_DEBUG_INFO = NO;
				MTL_FAST_MATH = YES;
				SDKROOT = iphoneos;
				SWIFT_COMPILATION_MODE = wholemodule;
				SWIFT_OPTIMIZATION_LEVEL = "-O";
				VALIDATE_PRODUCT = YES;
			};
			name = Release;
		};
		53414CDB29078C020091D298 /* Debug */ = {
			isa = XCBuildConfiguration;
			buildSettings = {
				ASSETCATALOG_COMPILER_APPICON_NAME = AppIcon;
				ASSETCATALOG_COMPILER_GLOBAL_ACCENT_COLOR_NAME = AccentColor;
				CODE_SIGN_STYLE = Automatic;
				CURRENT_PROJECT_VERSION = 1;
				GENERATE_INFOPLIST_FILE = YES;
				INFOPLIST_FILE = Bishop_WordGuess/Info.plist;
				INFOPLIST_KEY_UIApplicationSupportsIndirectInputEvents = YES;
				INFOPLIST_KEY_UILaunchStoryboardName = LaunchScreen;
				INFOPLIST_KEY_UIMainStoryboardFile = Main;
				INFOPLIST_KEY_UISupportedInterfaceOrientations_iPad = "UIInterfaceOrientationPortrait UIInterfaceOrientationPortraitUpsideDown UIInterfaceOrientationLandscapeLeft UIInterfaceOrientationLandscapeRight";
				INFOPLIST_KEY_UISupportedInterfaceOrientations_iPhone = "UIInterfaceOrientationPortrait UIInterfaceOrientationLandscapeLeft UIInterfaceOrientationLandscapeRight";
				LD_RUNPATH_SEARCH_PATHS = (
					"$(inherited)",
					"@executable_path/Frameworks",
				);
				MARKETING_VERSION = 1.0;
				PRODUCT_BUNDLE_IDENTIFIER = "nwmsu.Bishop-WordGuess";
				PRODUCT_NAME = "$(TARGET_NAME)";
				SWIFT_EMIT_LOC_STRINGS = YES;
				SWIFT_VERSION = 5.0;
				TARGETED_DEVICE_FAMILY = "1,2";
			};
			name = Debug;
		};
		53414CDC29078C020091D298 /* Release */ = {
			isa = XCBuildConfiguration;
			buildSettings = {
				ASSETCATALOG_COMPILER_APPICON_NAME = AppIcon;
				ASSETCATALOG_COMPILER_GLOBAL_ACCENT_COLOR_NAME = AccentColor;
				CODE_SIGN_STYLE = Automatic;
				CURRENT_PROJECT_VERSION = 1;
				GENERATE_INFOPLIST_FILE = YES;
				INFOPLIST_FILE = Bishop_WordGuess/Info.plist;
				INFOPLIST_KEY_UIApplicationSupportsIndirectInputEvents = YES;
				INFOPLIST_KEY_UILaunchStoryboardName = LaunchScreen;
				INFOPLIST_KEY_UIMainStoryboardFile = Main;
				INFOPLIST_KEY_UISupportedInterfaceOrientations_iPad = "UIInterfaceOrientationPortrait UIInterfaceOrientationPortraitUpsideDown UIInterfaceOrientationLandscapeLeft UIInterfaceOrientationLandscapeRight";
				INFOPLIST_KEY_UISupportedInterfaceOrientations_iPhone = "UIInterfaceOrientationPortrait UIInterfaceOrientationLandscapeLeft UIInterfaceOrientationLandscapeRight";
				LD_RUNPATH_SEARCH_PATHS = (
					"$(inherited)",
					"@executable_path/Frameworks",
				);
				MARKETING_VERSION = 1.0;
				PRODUCT_BUNDLE_IDENTIFIER = "nwmsu.Bishop-WordGuess";
				PRODUCT_NAME = "$(TARGET_NAME)";
				SWIFT_EMIT_LOC_STRINGS = YES;
				SWIFT_VERSION = 5.0;
				TARGETED_DEVICE_FAMILY = "1,2";
			};
			name = Release;
		};
		53414CDE29078C020091D298 /* Debug */ = {
			isa = XCBuildConfiguration;
			buildSettings = {
				ALWAYS_EMBED_SWIFT_STANDARD_LIBRARIES = YES;
				BUNDLE_LOADER = "$(TEST_HOST)";
				CODE_SIGN_STYLE = Automatic;
				CURRENT_PROJECT_VERSION = 1;
				GENERATE_INFOPLIST_FILE = YES;
				IPHONEOS_DEPLOYMENT_TARGET = 15.5;
				MARKETING_VERSION = 1.0;
				PRODUCT_BUNDLE_IDENTIFIER = "nwmsu.Bishop-WordGuessTests";
				PRODUCT_NAME = "$(TARGET_NAME)";
				SWIFT_EMIT_LOC_STRINGS = NO;
				SWIFT_VERSION = 5.0;
				TARGETED_DEVICE_FAMILY = "1,2";
				TEST_HOST = "$(BUILT_PRODUCTS_DIR)/Bishop_WordGuess.app/Bishop_WordGuess";
			};
			name = Debug;
		};
		53414CDF29078C020091D298 /* Release */ = {
			isa = XCBuildConfiguration;
			buildSettings = {
				ALWAYS_EMBED_SWIFT_STANDARD_LIBRARIES = YES;
				BUNDLE_LOADER = "$(TEST_HOST)";
				CODE_SIGN_STYLE = Automatic;
				CURRENT_PROJECT_VERSION = 1;
				GENERATE_INFOPLIST_FILE = YES;
				IPHONEOS_DEPLOYMENT_TARGET = 15.5;
				MARKETING_VERSION = 1.0;
				PRODUCT_BUNDLE_IDENTIFIER = "nwmsu.Bishop-WordGuessTests";
				PRODUCT_NAME = "$(TARGET_NAME)";
				SWIFT_EMIT_LOC_STRINGS = NO;
				SWIFT_VERSION = 5.0;
				TARGETED_DEVICE_FAMILY = "1,2";
				TEST_HOST = "$(BUILT_PRODUCTS_DIR)/Bishop_WordGuess.app/Bishop_WordGuess";
			};
			name = Release;
		};
		53414CE129078C020091D298 /* Debug */ = {
			isa = XCBuildConfiguration;
			buildSettings = {
				ALWAYS_EMBED_SWIFT_STANDARD_LIBRARIES = YES;
				CODE_SIGN_STYLE = Automatic;
				CURRENT_PROJECT_VERSION = 1;
				GENERATE_INFOPLIST_FILE = YES;
				MARKETING_VERSION = 1.0;
				PRODUCT_BUNDLE_IDENTIFIER = "nwmsu.Bishop-WordGuessUITests";
				PRODUCT_NAME = "$(TARGET_NAME)";
				SWIFT_EMIT_LOC_STRINGS = NO;
				SWIFT_VERSION = 5.0;
				TARGETED_DEVICE_FAMILY = "1,2";
				TEST_TARGET_NAME = Bishop_WordGuess;
			};
			name = Debug;
		};
		53414CE229078C020091D298 /* Release */ = {
			isa = XCBuildConfiguration;
			buildSettings = {
				ALWAYS_EMBED_SWIFT_STANDARD_LIBRARIES = YES;
				CODE_SIGN_STYLE = Automatic;
				CURRENT_PROJECT_VERSION = 1;
				GENERATE_INFOPLIST_FILE = YES;
				MARKETING_VERSION = 1.0;
				PRODUCT_BUNDLE_IDENTIFIER = "nwmsu.Bishop-WordGuessUITests";
				PRODUCT_NAME = "$(TARGET_NAME)";
				SWIFT_EMIT_LOC_STRINGS = NO;
				SWIFT_VERSION = 5.0;
				TARGETED_DEVICE_FAMILY = "1,2";
				TEST_TARGET_NAME = Bishop_WordGuess;
			};
			name = Release;
		};
/* End XCBuildConfiguration section */

/* Begin XCConfigurationList section */
		53414CAB29078C010091D298 /* Build configuration list for PBXProject "Bishop_WordGuess" */ = {
			isa = XCConfigurationList;
			buildConfigurations = (
				53414CD829078C020091D298 /* Debug */,
				53414CD929078C020091D298 /* Release */,
			);
			defaultConfigurationIsVisible = 0;
			defaultConfigurationName = Release;
		};
		53414CDA29078C020091D298 /* Build configuration list for PBXNativeTarget "Bishop_WordGuess" */ = {
			isa = XCConfigurationList;
			buildConfigurations = (
				53414CDB29078C020091D298 /* Debug */,
				53414CDC29078C020091D298 /* Release */,
			);
			defaultConfigurationIsVisible = 0;
			defaultConfigurationName = Release;
		};
		53414CDD29078C020091D298 /* Build configuration list for PBXNativeTarget "Bishop_WordGuessTests" */ = {
			isa = XCConfigurationList;
			buildConfigurations = (
				53414CDE29078C020091D298 /* Debug */,
				53414CDF29078C020091D298 /* Release */,
			);
			defaultConfigurationIsVisible = 0;
			defaultConfigurationName = Release;
		};
		53414CE029078C020091D298 /* Build configuration list for PBXNativeTarget "Bishop_WordGuessUITests" */ = {
			isa = XCConfigurationList;
			buildConfigurations = (
				53414CE129078C020091D298 /* Debug */,
				53414CE229078C020091D298 /* Release */,
			);
			defaultConfigurationIsVisible = 0;
			defaultConfigurationName = Release;
		};
/* End XCConfigurationList section */
	};
	rootObject = 53414CA829078C010091D298 /* Project object */;
}
